// !$*UTF8*$!
{
	archiveVersion = 1;
	classes = {
	};
	objectVersion = 46;
	objects = {

/* Begin PBXBuildFile section */
		4B6404121DB439560021FD28 /* AppDelegate.swift in Sources */ = {isa = PBXBuildFile; fileRef = 4B6404111DB439560021FD28 /* AppDelegate.swift */; };
		4B6404141DB439560021FD28 /* MoviesViewController.swift in Sources */ = {isa = PBXBuildFile; fileRef = 4B6404131DB439560021FD28 /* MoviesViewController.swift */; };
		4B6404171DB439560021FD28 /* Main.storyboard in Resources */ = {isa = PBXBuildFile; fileRef = 4B6404151DB439560021FD28 /* Main.storyboard */; };
		4B6404191DB439560021FD28 /* Assets.xcassets in Resources */ = {isa = PBXBuildFile; fileRef = 4B6404181DB439560021FD28 /* Assets.xcassets */; };
		4B64041C1DB439560021FD28 /* LaunchScreen.storyboard in Resources */ = {isa = PBXBuildFile; fileRef = 4B64041A1DB439560021FD28 /* LaunchScreen.storyboard */; };
		4B6404271DB439560021FD28 /* FlicksTests.swift in Sources */ = {isa = PBXBuildFile; fileRef = 4B6404261DB439560021FD28 /* FlicksTests.swift */; };
		4B6404321DB439560021FD28 /* FlicksUITests.swift in Sources */ = {isa = PBXBuildFile; fileRef = 4B6404311DB439560021FD28 /* FlicksUITests.swift */; };
		4BC93FF01DB457F200C38E36 /* MovieTableViewCell.swift in Sources */ = {isa = PBXBuildFile; fileRef = 4BC93FEF1DB457F200C38E36 /* MovieTableViewCell.swift */; };
		4BC93FF21DB4607700C38E36 /* MovieModel.swift in Sources */ = {isa = PBXBuildFile; fileRef = 4BC93FF11DB4607700C38E36 /* MovieModel.swift */; };
		4BC93FF41DB4690C00C38E36 /* MovieProvider.swift in Sources */ = {isa = PBXBuildFile; fileRef = 4BC93FF31DB4690C00C38E36 /* MovieProvider.swift */; };
		4BC93FF61DB49C8000C38E36 /* MovieDetailViewController.swift in Sources */ = {isa = PBXBuildFile; fileRef = 4BC93FF51DB49C8000C38E36 /* MovieDetailViewController.swift */; };
		9EAF3F164AE98B404A87F825 /* Pods_Flicks.framework in Frameworks */ = {isa = PBXBuildFile; fileRef = F4857D58052F5343ADA3244C /* Pods_Flicks.framework */; };
		C9B992A2419016C5785570A1 /* Pods_FlicksTests.framework in Frameworks */ = {isa = PBXBuildFile; fileRef = 8639ACE43DB8AAACD0BBD5E2 /* Pods_FlicksTests.framework */; };
		E4A5D82A12786E4CE9703D25 /* Pods_FlicksUITests.framework in Frameworks */ = {isa = PBXBuildFile; fileRef = 831117A07464084230AFF12E /* Pods_FlicksUITests.framework */; };
/* End PBXBuildFile section */

/* Begin PBXContainerItemProxy section */
		4B6404231DB439560021FD28 /* PBXContainerItemProxy */ = {
			isa = PBXContainerItemProxy;
			containerPortal = 4B6404061DB439550021FD28 /* Project object */;
			proxyType = 1;
			remoteGlobalIDString = 4B64040D1DB439550021FD28;
			remoteInfo = Flicks;
		};
		4B64042E1DB439560021FD28 /* PBXContainerItemProxy */ = {
			isa = PBXContainerItemProxy;
			containerPortal = 4B6404061DB439550021FD28 /* Project object */;
			proxyType = 1;
			remoteGlobalIDString = 4B64040D1DB439550021FD28;
			remoteInfo = Flicks;
		};
/* End PBXContainerItemProxy section */

/* Begin PBXFileReference section */
		4B64040E1DB439560021FD28 /* Flicks.app */ = {isa = PBXFileReference; explicitFileType = wrapper.application; includeInIndex = 0; path = Flicks.app; sourceTree = BUILT_PRODUCTS_DIR; };
		4B6404111DB439560021FD28 /* AppDelegate.swift */ = {isa = PBXFileReference; lastKnownFileType = sourcecode.swift; path = AppDelegate.swift; sourceTree = "<group>"; };
		4B6404131DB439560021FD28 /* MoviesViewController.swift */ = {isa = PBXFileReference; lastKnownFileType = sourcecode.swift; path = MoviesViewController.swift; sourceTree = "<group>"; };
		4B6404161DB439560021FD28 /* Base */ = {isa = PBXFileReference; lastKnownFileType = file.storyboard; name = Base; path = Base.lproj/Main.storyboard; sourceTree = "<group>"; };
		4B6404181DB439560021FD28 /* Assets.xcassets */ = {isa = PBXFileReference; lastKnownFileType = folder.assetcatalog; path = Assets.xcassets; sourceTree = "<group>"; };
		4B64041B1DB439560021FD28 /* Base */ = {isa = PBXFileReference; lastKnownFileType = file.storyboard; name = Base; path = Base.lproj/LaunchScreen.storyboard; sourceTree = "<group>"; };
		4B64041D1DB439560021FD28 /* Info.plist */ = {isa = PBXFileReference; lastKnownFileType = text.plist.xml; path = Info.plist; sourceTree = "<group>"; };
		4B6404221DB439560021FD28 /* FlicksTests.xctest */ = {isa = PBXFileReference; explicitFileType = wrapper.cfbundle; includeInIndex = 0; path = FlicksTests.xctest; sourceTree = BUILT_PRODUCTS_DIR; };
		4B6404261DB439560021FD28 /* FlicksTests.swift */ = {isa = PBXFileReference; lastKnownFileType = sourcecode.swift; path = FlicksTests.swift; sourceTree = "<group>"; };
		4B6404281DB439560021FD28 /* Info.plist */ = {isa = PBXFileReference; lastKnownFileType = text.plist.xml; path = Info.plist; sourceTree = "<group>"; };
		4B64042D1DB439560021FD28 /* FlicksUITests.xctest */ = {isa = PBXFileReference; explicitFileType = wrapper.cfbundle; includeInIndex = 0; path = FlicksUITests.xctest; sourceTree = BUILT_PRODUCTS_DIR; };
		4B6404311DB439560021FD28 /* FlicksUITests.swift */ = {isa = PBXFileReference; lastKnownFileType = sourcecode.swift; path = FlicksUITests.swift; sourceTree = "<group>"; };
		4B6404331DB439560021FD28 /* Info.plist */ = {isa = PBXFileReference; lastKnownFileType = text.plist.xml; path = Info.plist; sourceTree = "<group>"; };
		4BC93FEF1DB457F200C38E36 /* MovieTableViewCell.swift */ = {isa = PBXFileReference; fileEncoding = 4; lastKnownFileType = sourcecode.swift; path = MovieTableViewCell.swift; sourceTree = "<group>"; };
		4BC93FF11DB4607700C38E36 /* MovieModel.swift */ = {isa = PBXFileReference; fileEncoding = 4; lastKnownFileType = sourcecode.swift; path = MovieModel.swift; sourceTree = "<group>"; };
		4BC93FF31DB4690C00C38E36 /* MovieProvider.swift */ = {isa = PBXFileReference; fileEncoding = 4; lastKnownFileType = sourcecode.swift; path = MovieProvider.swift; sourceTree = "<group>"; };
		4BC93FF51DB49C8000C38E36 /* MovieDetailViewController.swift */ = {isa = PBXFileReference; fileEncoding = 4; lastKnownFileType = sourcecode.swift; path = MovieDetailViewController.swift; sourceTree = "<group>"; };
		55FA1C92CDEF4292FF82D0C3 /* Pods-FlicksTests.release.xcconfig */ = {isa = PBXFileReference; includeInIndex = 1; lastKnownFileType = text.xcconfig; name = "Pods-FlicksTests.release.xcconfig"; path = "Pods/Target Support Files/Pods-FlicksTests/Pods-FlicksTests.release.xcconfig"; sourceTree = "<group>"; };
		7031D0540A74614918790849 /* Pods-FlicksUITests.debug.xcconfig */ = {isa = PBXFileReference; includeInIndex = 1; lastKnownFileType = text.xcconfig; name = "Pods-FlicksUITests.debug.xcconfig"; path = "Pods/Target Support Files/Pods-FlicksUITests/Pods-FlicksUITests.debug.xcconfig"; sourceTree = "<group>"; };
		831117A07464084230AFF12E /* Pods_FlicksUITests.framework */ = {isa = PBXFileReference; explicitFileType = wrapper.framework; includeInIndex = 0; path = Pods_FlicksUITests.framework; sourceTree = BUILT_PRODUCTS_DIR; };
		8639ACE43DB8AAACD0BBD5E2 /* Pods_FlicksTests.framework */ = {isa = PBXFileReference; explicitFileType = wrapper.framework; includeInIndex = 0; path = Pods_FlicksTests.framework; sourceTree = BUILT_PRODUCTS_DIR; };
		AB180022F8075C68E24274DC /* Pods-Flicks.release.xcconfig */ = {isa = PBXFileReference; includeInIndex = 1; lastKnownFileType = text.xcconfig; name = "Pods-Flicks.release.xcconfig"; path = "Pods/Target Support Files/Pods-Flicks/Pods-Flicks.release.xcconfig"; sourceTree = "<group>"; };
		B4825E917684E9CBB2734409 /* Pods-FlicksUITests.release.xcconfig */ = {isa = PBXFileReference; includeInIndex = 1; lastKnownFileType = text.xcconfig; name = "Pods-FlicksUITests.release.xcconfig"; path = "Pods/Target Support Files/Pods-FlicksUITests/Pods-FlicksUITests.release.xcconfig"; sourceTree = "<group>"; };
		EFC2A65BD04530ADF62CBDDA /* Pods-Flicks.debug.xcconfig */ = {isa = PBXFileReference; includeInIndex = 1; lastKnownFileType = text.xcconfig; name = "Pods-Flicks.debug.xcconfig"; path = "Pods/Target Support Files/Pods-Flicks/Pods-Flicks.debug.xcconfig"; sourceTree = "<group>"; };
		F235EE282FEB3F78AEBA0636 /* Pods-FlicksTests.debug.xcconfig */ = {isa = PBXFileReference; includeInIndex = 1; lastKnownFileType = text.xcconfig; name = "Pods-FlicksTests.debug.xcconfig"; path = "Pods/Target Support Files/Pods-FlicksTests/Pods-FlicksTests.debug.xcconfig"; sourceTree = "<group>"; };
		F4857D58052F5343ADA3244C /* Pods_Flicks.framework */ = {isa = PBXFileReference; explicitFileType = wrapper.framework; includeInIndex = 0; path = Pods_Flicks.framework; sourceTree = BUILT_PRODUCTS_DIR; };
/* End PBXFileReference section */

/* Begin PBXFrameworksBuildPhase section */
		4B64040B1DB439550021FD28 /* Frameworks */ = {
			isa = PBXFrameworksBuildPhase;
			buildActionMask = 2147483647;
			files = (
				9EAF3F164AE98B404A87F825 /* Pods_Flicks.framework in Frameworks */,
			);
			runOnlyForDeploymentPostprocessing = 0;
		};
		4B64041F1DB439560021FD28 /* Frameworks */ = {
			isa = PBXFrameworksBuildPhase;
			buildActionMask = 2147483647;
			files = (
				C9B992A2419016C5785570A1 /* Pods_FlicksTests.framework in Frameworks */,
			);
			runOnlyForDeploymentPostprocessing = 0;
		};
		4B64042A1DB439560021FD28 /* Frameworks */ = {
			isa = PBXFrameworksBuildPhase;
			buildActionMask = 2147483647;
			files = (
				E4A5D82A12786E4CE9703D25 /* Pods_FlicksUITests.framework in Frameworks */,
			);
			runOnlyForDeploymentPostprocessing = 0;
		};
/* End PBXFrameworksBuildPhase section */

/* Begin PBXGroup section */
		2DFCC856A22A87076A4E0CDC /* Frameworks */ = {
			isa = PBXGroup;
			children = (
				F4857D58052F5343ADA3244C /* Pods_Flicks.framework */,
				8639ACE43DB8AAACD0BBD5E2 /* Pods_FlicksTests.framework */,
				831117A07464084230AFF12E /* Pods_FlicksUITests.framework */,
			);
			name = Frameworks;
			sourceTree = "<group>";
		};
		3A728788C6161EBCF31AA5E0 /* Pods */ = {
			isa = PBXGroup;
			children = (
				EFC2A65BD04530ADF62CBDDA /* Pods-Flicks.debug.xcconfig */,
				AB180022F8075C68E24274DC /* Pods-Flicks.release.xcconfig */,
				F235EE282FEB3F78AEBA0636 /* Pods-FlicksTests.debug.xcconfig */,
				55FA1C92CDEF4292FF82D0C3 /* Pods-FlicksTests.release.xcconfig */,
				7031D0540A74614918790849 /* Pods-FlicksUITests.debug.xcconfig */,
				B4825E917684E9CBB2734409 /* Pods-FlicksUITests.release.xcconfig */,
			);
			name = Pods;
			sourceTree = "<group>";
		};
		4B6404051DB439550021FD28 = {
			isa = PBXGroup;
			children = (
				4B6404101DB439560021FD28 /* Flicks */,
				4B6404251DB439560021FD28 /* FlicksTests */,
				4B6404301DB439560021FD28 /* FlicksUITests */,
				4B64040F1DB439560021FD28 /* Products */,
				3A728788C6161EBCF31AA5E0 /* Pods */,
				2DFCC856A22A87076A4E0CDC /* Frameworks */,
			);
			sourceTree = "<group>";
		};
		4B64040F1DB439560021FD28 /* Products */ = {
			isa = PBXGroup;
			children = (
				4B64040E1DB439560021FD28 /* Flicks.app */,
				4B6404221DB439560021FD28 /* FlicksTests.xctest */,
				4B64042D1DB439560021FD28 /* FlicksUITests.xctest */,
			);
			name = Products;
			sourceTree = "<group>";
		};
		4B6404101DB439560021FD28 /* Flicks */ = {
			isa = PBXGroup;
			children = (
				4B6404111DB439560021FD28 /* AppDelegate.swift */,
				4B6404131DB439560021FD28 /* MoviesViewController.swift */,
				4B6404151DB439560021FD28 /* Main.storyboard */,
				4B6404181DB439560021FD28 /* Assets.xcassets */,
				4B64041A1DB439560021FD28 /* LaunchScreen.storyboard */,
				4B64041D1DB439560021FD28 /* Info.plist */,
				4BC93FEF1DB457F200C38E36 /* MovieTableViewCell.swift */,
				4BC93FF11DB4607700C38E36 /* MovieModel.swift */,
				4BC93FF31DB4690C00C38E36 /* MovieProvider.swift */,
				4BC93FF51DB49C8000C38E36 /* MovieDetailViewController.swift */,
			);
			path = Flicks;
			sourceTree = "<group>";
		};
		4B6404251DB439560021FD28 /* FlicksTests */ = {
			isa = PBXGroup;
			children = (
				4B6404261DB439560021FD28 /* FlicksTests.swift */,
				4B6404281DB439560021FD28 /* Info.plist */,
			);
			path = FlicksTests;
			sourceTree = "<group>";
		};
		4B6404301DB439560021FD28 /* FlicksUITests */ = {
			isa = PBXGroup;
			children = (
				4B6404311DB439560021FD28 /* FlicksUITests.swift */,
				4B6404331DB439560021FD28 /* Info.plist */,
			);
			path = FlicksUITests;
			sourceTree = "<group>";
		};
/* End PBXGroup section */

/* Begin PBXNativeTarget section */
		4B64040D1DB439550021FD28 /* Flicks */ = {
			isa = PBXNativeTarget;
			buildConfigurationList = 4B6404361DB439560021FD28 /* Build configuration list for PBXNativeTarget "Flicks" */;
			buildPhases = (
				65DAF6D295C49515785A0FB4 /* [CP] Check Pods Manifest.lock */,
				4B64040A1DB439550021FD28 /* Sources */,
				4B64040B1DB439550021FD28 /* Frameworks */,
				4B64040C1DB439550021FD28 /* Resources */,
				EA7F93474D9FF7BDDC6AF805 /* [CP] Embed Pods Frameworks */,
				2E68CCBFB61672C969A92FD6 /* [CP] Copy Pods Resources */,
			);
			buildRules = (
			);
			dependencies = (
			);
			name = Flicks;
			productName = Flicks;
			productReference = 4B64040E1DB439560021FD28 /* Flicks.app */;
			productType = "com.apple.product-type.application";
		};
		4B6404211DB439560021FD28 /* FlicksTests */ = {
			isa = PBXNativeTarget;
			buildConfigurationList = 4B6404391DB439560021FD28 /* Build configuration list for PBXNativeTarget "FlicksTests" */;
			buildPhases = (
				3E47FC0BEE535756E7653383 /* [CP] Check Pods Manifest.lock */,
				4B64041E1DB439560021FD28 /* Sources */,
				4B64041F1DB439560021FD28 /* Frameworks */,
				4B6404201DB439560021FD28 /* Resources */,
				BDBE70CCB113D11F0E803F7D /* [CP] Embed Pods Frameworks */,
				A10BFAA257D1B8440C90DC8A /* [CP] Copy Pods Resources */,
			);
			buildRules = (
			);
			dependencies = (
				4B6404241DB439560021FD28 /* PBXTargetDependency */,
			);
			name = FlicksTests;
			productName = FlicksTests;
			productReference = 4B6404221DB439560021FD28 /* FlicksTests.xctest */;
			productType = "com.apple.product-type.bundle.unit-test";
		};
		4B64042C1DB439560021FD28 /* FlicksUITests */ = {
			isa = PBXNativeTarget;
			buildConfigurationList = 4B64043C1DB439560021FD28 /* Build configuration list for PBXNativeTarget "FlicksUITests" */;
			buildPhases = (
				06A654889CA8DAD9BCF0997C /* [CP] Check Pods Manifest.lock */,
				4B6404291DB439560021FD28 /* Sources */,
				4B64042A1DB439560021FD28 /* Frameworks */,
				4B64042B1DB439560021FD28 /* Resources */,
				572978CF1227088556EC26B6 /* [CP] Copy Pods Resources */,
			);
			buildRules = (
			);
			dependencies = (
				4B64042F1DB439560021FD28 /* PBXTargetDependency */,
			);
			name = FlicksUITests;
			productName = FlicksUITests;
			productReference = 4B64042D1DB439560021FD28 /* FlicksUITests.xctest */;
			productType = "com.apple.product-type.bundle.ui-testing";
		};
/* End PBXNativeTarget section */

/* Begin PBXProject section */
		4B6404061DB439550021FD28 /* Project object */ = {
			isa = PBXProject;
			attributes = {
				LastSwiftUpdateCheck = 0800;
				LastUpgradeCheck = 0800;
				ORGANIZATIONNAME = "Keith Smyth";
				TargetAttributes = {
					4B64040D1DB439550021FD28 = {
						CreatedOnToolsVersion = 8.0;
						ProvisioningStyle = Automatic;
					};
					4B6404211DB439560021FD28 = {
						CreatedOnToolsVersion = 8.0;
						ProvisioningStyle = Automatic;
						TestTargetID = 4B64040D1DB439550021FD28;
					};
					4B64042C1DB439560021FD28 = {
						CreatedOnToolsVersion = 8.0;
						ProvisioningStyle = Automatic;
						TestTargetID = 4B64040D1DB439550021FD28;
					};
				};
			};
			buildConfigurationList = 4B6404091DB439550021FD28 /* Build configuration list for PBXProject "Flicks" */;
			compatibilityVersion = "Xcode 3.2";
			developmentRegion = English;
			hasScannedForEncodings = 0;
			knownRegions = (
				en,
				Base,
			);
			mainGroup = 4B6404051DB439550021FD28;
			productRefGroup = 4B64040F1DB439560021FD28 /* Products */;
			projectDirPath = "";
			projectRoot = "";
			targets = (
				4B64040D1DB439550021FD28 /* Flicks */,
				4B6404211DB439560021FD28 /* FlicksTests */,
				4B64042C1DB439560021FD28 /* FlicksUITests */,
			);
		};
/* End PBXProject section */

/* Begin PBXResourcesBuildPhase section */
		4B64040C1DB439550021FD28 /* Resources */ = {
			isa = PBXResourcesBuildPhase;
			buildActionMask = 2147483647;
			files = (
				4B64041C1DB439560021FD28 /* LaunchScreen.storyboard in Resources */,
				4B6404191DB439560021FD28 /* Assets.xcassets in Resources */,
				4B6404171DB439560021FD28 /* Main.storyboard in Resources */,
			);
			runOnlyForDeploymentPostprocessing = 0;
		};
		4B6404201DB439560021FD28 /* Resources */ = {
			isa = PBXResourcesBuildPhase;
			buildActionMask = 2147483647;
			files = (
			);
			runOnlyForDeploymentPostprocessing = 0;
		};
		4B64042B1DB439560021FD28 /* Resources */ = {
			isa = PBXResourcesBuildPhase;
			buildActionMask = 2147483647;
			files = (
			);
			runOnlyForDeploymentPostprocessing = 0;
		};
/* End PBXResourcesBuildPhase section */

/* Begin PBXShellScriptBuildPhase section */
		06A654889CA8DAD9BCF0997C /* [CP] Check Pods Manifest.lock */ = {
			isa = PBXShellScriptBuildPhase;
			buildActionMask = 2147483647;
			files = (
			);
			inputPaths = (
			);
			name = "[CP] Check Pods Manifest.lock";
			outputPaths = (
			);
			runOnlyForDeploymentPostprocessing = 0;
			shellPath = /bin/sh;
			shellScript = "diff \"${PODS_ROOT}/../Podfile.lock\" \"${PODS_ROOT}/Manifest.lock\" > /dev/null\nif [[ $? != 0 ]] ; then\n    cat << EOM\nerror: The sandbox is not in sync with the Podfile.lock. Run 'pod install' or update your CocoaPods installation.\nEOM\n    exit 1\nfi\n";
			showEnvVarsInLog = 0;
		};
		2E68CCBFB61672C969A92FD6 /* [CP] Copy Pods Resources */ = {
			isa = PBXShellScriptBuildPhase;
			buildActionMask = 2147483647;
			files = (
			);
			inputPaths = (
			);
			name = "[CP] Copy Pods Resources";
			outputPaths = (
			);
			runOnlyForDeploymentPostprocessing = 0;
			shellPath = /bin/sh;
			shellScript = "\"${SRCROOT}/Pods/Target Support Files/Pods-Flicks/Pods-Flicks-resources.sh\"\n";
			showEnvVarsInLog = 0;
		};
		3E47FC0BEE535756E7653383 /* [CP] Check Pods Manifest.lock */ = {
			isa = PBXShellScriptBuildPhase;
			buildActionMask = 2147483647;
			files = (
			);
			inputPaths = (
			);
			name = "[CP] Check Pods Manifest.lock";
			outputPaths = (
			);
			runOnlyForDeploymentPostprocessing = 0;
			shellPath = /bin/sh;
			shellScript = "diff \"${PODS_ROOT}/../Podfile.lock\" \"${PODS_ROOT}/Manifest.lock\" > /dev/null\nif [[ $? != 0 ]] ; then\n    cat << EOM\nerror: The sandbox is not in sync with the Podfile.lock. Run 'pod install' or update your CocoaPods installation.\nEOM\n    exit 1\nfi\n";
			showEnvVarsInLog = 0;
		};
		572978CF1227088556EC26B6 /* [CP] Copy Pods Resources */ = {
			isa = PBXShellScriptBuildPhase;
			buildActionMask = 2147483647;
			files = (
			);
			inputPaths = (
			);
			name = "[CP] Copy Pods Resources";
			outputPaths = (
			);
			runOnlyForDeploymentPostprocessing = 0;
			shellPath = /bin/sh;
			shellScript = "\"${SRCROOT}/Pods/Target Support Files/Pods-FlicksUITests/Pods-FlicksUITests-resources.sh\"\n";
			showEnvVarsInLog = 0;
		};
		65DAF6D295C49515785A0FB4 /* [CP] Check Pods Manifest.lock */ = {
			isa = PBXShellScriptBuildPhase;
			buildActionMask = 2147483647;
			files = (
			);
			inputPaths = (
			);
			name = "[CP] Check Pods Manifest.lock";
			outputPaths = (
			);
			runOnlyForDeploymentPostprocessing = 0;
			shellPath = /bin/sh;
			shellScript = "diff \"${PODS_ROOT}/../Podfile.lock\" \"${PODS_ROOT}/Manifest.lock\" > /dev/null\nif [[ $? != 0 ]] ; then\n    cat << EOM\nerror: The sandbox is not in sync with the Podfile.lock. Run 'pod install' or update your CocoaPods installation.\nEOM\n    exit 1\nfi\n";
			showEnvVarsInLog = 0;
		};
		A10BFAA257D1B8440C90DC8A /* [CP] Copy Pods Resources */ = {
			isa = PBXShellScriptBuildPhase;
			buildActionMask = 2147483647;
			files = (
			);
			inputPaths = (
			);
			name = "[CP] Copy Pods Resources";
			outputPaths = (
			);
			runOnlyForDeploymentPostprocessing = 0;
			shellPath = /bin/sh;
			shellScript = "\"${SRCROOT}/Pods/Target Support Files/Pods-FlicksTests/Pods-FlicksTests-resources.sh\"\n";
			showEnvVarsInLog = 0;
		};
		BDBE70CCB113D11F0E803F7D /* [CP] Embed Pods Frameworks */ = {
			isa = PBXShellScriptBuildPhase;
			buildActionMask = 2147483647;
			files = (
			);
			inputPaths = (
			);
			name = "[CP] Embed Pods Frameworks";
			outputPaths = (
			);
			runOnlyForDeploymentPostprocessing = 0;
			shellPath = /bin/sh;
			shellScript = "\"${SRCROOT}/Pods/Target Support Files/Pods-FlicksTests/Pods-FlicksTests-frameworks.sh\"\n";
			showEnvVarsInLog = 0;
		};
		EA7F93474D9FF7BDDC6AF805 /* [CP] Embed Pods Frameworks */ = {
			isa = PBXShellScriptBuildPhase;
			buildActionMask = 2147483647;
			files = (
			);
			inputPaths = (
			);
			name = "[CP] Embed Pods Frameworks";
			outputPaths = (
			);
			runOnlyForDeploymentPostprocessing = 0;
			shellPath = /bin/sh;
			shellScript = "\"${SRCROOT}/Pods/Target Support Files/Pods-Flicks/Pods-Flicks-frameworks.sh\"\n";
			showEnvVarsInLog = 0;
		};
/* End PBXShellScriptBuildPhase section */

/* Begin PBXSourcesBuildPhase section */
		4B64040A1DB439550021FD28 /* Sources */ = {
			isa = PBXSourcesBuildPhase;
			buildActionMask = 2147483647;
			files = (
				4BC93FF21DB4607700C38E36 /* MovieModel.swift in Sources */,
				4B6404141DB439560021FD28 /* MoviesViewController.swift in Sources */,
				4B6404121DB439560021FD28 /* AppDelegate.swift in Sources */,
				4BC93FF01DB457F200C38E36 /* MovieTableViewCell.swift in Sources */,
				4BC93FF61DB49C8000C38E36 /* MovieDetailViewController.swift in Sources */,
				4BC93FF41DB4690C00C38E36 /* MovieProvider.swift in Sources */,
			);
			runOnlyForDeploymentPostprocessing = 0;
		};
		4B64041E1DB439560021FD28 /* Sources */ = {
			isa = PBXSourcesBuildPhase;
			buildActionMask = 2147483647;
			files = (
				4B6404271DB439560021FD28 /* FlicksTests.swift in Sources */,
			);
			runOnlyForDeploymentPostprocessing = 0;
		};
		4B6404291DB439560021FD28 /* Sources */ = {
			isa = PBXSourcesBuildPhase;
			buildActionMask = 2147483647;
			files = (
				4B6404321DB439560021FD28 /* FlicksUITests.swift in Sources */,
			);
			runOnlyForDeploymentPostprocessing = 0;
		};
/* End PBXSourcesBuildPhase section */

/* Begin PBXTargetDependency section */
		4B6404241DB439560021FD28 /* PBXTargetDependency */ = {
			isa = PBXTargetDependency;
			target = 4B64040D1DB439550021FD28 /* Flicks */;
			targetProxy = 4B6404231DB439560021FD28 /* PBXContainerItemProxy */;
		};
		4B64042F1DB439560021FD28 /* PBXTargetDependency */ = {
			isa = PBXTargetDependency;
			target = 4B64040D1DB439550021FD28 /* Flicks */;
			targetProxy = 4B64042E1DB439560021FD28 /* PBXContainerItemProxy */;
		};
/* End PBXTargetDependency section */

/* Begin PBXVariantGroup section */
		4B6404151DB439560021FD28 /* Main.storyboard */ = {
			isa = PBXVariantGroup;
			children = (
				4B6404161DB439560021FD28 /* Base */,
			);
			name = Main.storyboard;
			sourceTree = "<group>";
		};
		4B64041A1DB439560021FD28 /* LaunchScreen.storyboard */ = {
			isa = PBXVariantGroup;
			children = (
				4B64041B1DB439560021FD28 /* Base */,
			);
			name = LaunchScreen.storyboard;
			sourceTree = "<group>";
		};
/* End PBXVariantGroup section */

/* Begin XCBuildConfiguration section */
		4B6404341DB439560021FD28 /* Debug */ = {
			isa = XCBuildConfiguration;
			buildSettings = {
				ALWAYS_SEARCH_USER_PATHS = NO;
				CLANG_ANALYZER_NONNULL = YES;
				CLANG_CXX_LANGUAGE_STANDARD = "gnu++0x";
				CLANG_CXX_LIBRARY = "libc++";
				CLANG_ENABLE_MODULES = YES;
				CLANG_ENABLE_OBJC_ARC = YES;
				CLANG_WARN_BOOL_CONVERSION = YES;
				CLANG_WARN_CONSTANT_CONVERSION = YES;
				CLANG_WARN_DIRECT_OBJC_ISA_USAGE = YES_ERROR;
				CLANG_WARN_DOCUMENTATION_COMMENTS = YES;
				CLANG_WARN_EMPTY_BODY = YES;
				CLANG_WARN_ENUM_CONVERSION = YES;
				CLANG_WARN_INFINITE_RECURSION = YES;
				CLANG_WARN_INT_CONVERSION = YES;
				CLANG_WARN_OBJC_ROOT_CLASS = YES_ERROR;
				CLANG_WARN_SUSPICIOUS_MOVES = YES;
				CLANG_WARN_UNREACHABLE_CODE = YES;
				CLANG_WARN__DUPLICATE_METHOD_MATCH = YES;
				"CODE_SIGN_IDENTITY[sdk=iphoneos*]" = "iPhone Developer";
				COPY_PHASE_STRIP = NO;
				DEBUG_INFORMATION_FORMAT = dwarf;
				ENABLE_STRICT_OBJC_MSGSEND = YES;
				ENABLE_TESTABILITY = YES;
				GCC_C_LANGUAGE_STANDARD = gnu99;
				GCC_DYNAMIC_NO_PIC = NO;
				GCC_NO_COMMON_BLOCKS = YES;
				GCC_OPTIMIZATION_LEVEL = 0;
				GCC_PREPROCESSOR_DEFINITIONS = (
					"DEBUG=1",
					"$(inherited)",
				);
				GCC_WARN_64_TO_32_BIT_CONVERSION = YES;
				GCC_WARN_ABOUT_RETURN_TYPE = YES_ERROR;
				GCC_WARN_UNDECLARED_SELECTOR = YES;
				GCC_WARN_UNINITIALIZED_AUTOS = YES_AGGRESSIVE;
				GCC_WARN_UNUSED_FUNCTION = YES;
				GCC_WARN_UNUSED_VARIABLE = YES;
				IPHONEOS_DEPLOYMENT_TARGET = 10.0;
				MTL_ENABLE_DEBUG_INFO = YES;
				ONLY_ACTIVE_ARCH = YES;
				SDKROOT = iphoneos;
				SWIFT_ACTIVE_COMPILATION_CONDITIONS = DEBUG;
				SWIFT_OPTIMIZATION_LEVEL = "-Onone";
				TARGETED_DEVICE_FAMILY = "1,2";
			};
			name = Debug;
		};
		4B6404351DB439560021FD28 /* Release */ = {
			isa = XCBuildConfiguration;
			buildSettings = {
				ALWAYS_SEARCH_USER_PATHS = NO;
				CLANG_ANALYZER_NONNULL = YES;
				CLANG_CXX_LANGUAGE_STANDARD = "gnu++0x";
				CLANG_CXX_LIBRARY = "libc++";
				CLANG_ENABLE_MODULES = YES;
				CLANG_ENABLE_OBJC_ARC = YES;
				CLANG_WARN_BOOL_CONVERSION = YES;
				CLANG_WARN_CONSTANT_CONVERSION = YES;
				CLANG_WARN_DIRECT_OBJC_ISA_USAGE = YES_ERROR;
				CLANG_WARN_DOCUMENTATION_COMMENTS = YES;
				CLANG_WARN_EMPTY_BODY = YES;
				CLANG_WARN_ENUM_CONVERSION = YES;
				CLANG_WARN_INFINITE_RECURSION = YES;
				CLANG_WARN_INT_CONVERSION = YES;
				CLANG_WARN_OBJC_ROOT_CLASS = YES_ERROR;
				CLANG_WARN_SUSPICIOUS_MOVES = YES;
				CLANG_WARN_UNREACHABLE_CODE = YES;
				CLANG_WARN__DUPLICATE_METHOD_MATCH = YES;
				"CODE_SIGN_IDENTITY[sdk=iphoneos*]" = "iPhone Developer";
				COPY_PHASE_STRIP = NO;
				DEBUG_INFORMATION_FORMAT = "dwarf-with-dsym";
				ENABLE_NS_ASSERTIONS = NO;
				ENABLE_STRICT_OBJC_MSGSEND = YES;
				GCC_C_LANGUAGE_STANDARD = gnu99;
				GCC_NO_COMMON_BLOCKS = YES;
				GCC_WARN_64_TO_32_BIT_CONVERSION = YES;
				GCC_WARN_ABOUT_RETURN_TYPE = YES_ERROR;
				GCC_WARN_UNDECLARED_SELECTOR = YES;
				GCC_WARN_UNINITIALIZED_AUTOS = YES_AGGRESSIVE;
				GCC_WARN_UNUSED_FUNCTION = YES;
				GCC_WARN_UNUSED_VARIABLE = YES;
				IPHONEOS_DEPLOYMENT_TARGET = 10.0;
				MTL_ENABLE_DEBUG_INFO = NO;
				SDKROOT = iphoneos;
				SWIFT_OPTIMIZATION_LEVEL = "-Owholemodule";
				TARGETED_DEVICE_FAMILY = "1,2";
				VALIDATE_PRODUCT = YES;
			};
			name = Release;
		};
		4B6404371DB439560021FD28 /* Debug */ = {
			isa = XCBuildConfiguration;
			baseConfigurationReference = EFC2A65BD04530ADF62CBDDA /* Pods-Flicks.debug.xcconfig */;
			buildSettings = {
				ASSETCATALOG_COMPILER_APPICON_NAME = AppIcon;
				INFOPLIST_FILE = Flicks/Info.plist;
				LD_RUNPATH_SEARCH_PATHS = "$(inherited) @executable_path/Frameworks";
				PRODUCT_BUNDLE_IDENTIFIER = com.keithsmyth.Flicks;
				PRODUCT_NAME = "$(TARGET_NAME)";
				SWIFT_VERSION = 3.0;
			};
			name = Debug;
		};
		4B6404381DB439560021FD28 /* Release */ = {
			isa = XCBuildConfiguration;
			baseConfigurationReference = AB180022F8075C68E24274DC /* Pods-Flicks.release.xcconfig */;
			buildSettings = {
				ASSETCATALOG_COMPILER_APPICON_NAME = AppIcon;
				INFOPLIST_FILE = Flicks/Info.plist;
				LD_RUNPATH_SEARCH_PATHS = "$(inherited) @executable_path/Frameworks";
				PRODUCT_BUNDLE_IDENTIFIER = com.keithsmyth.Flicks;
				PRODUCT_NAME = "$(TARGET_NAME)";
				SWIFT_VERSION = 3.0;
			};
			name = Release;
		};
		4B64043A1DB439560021FD28 /* Debug */ = {
			isa = XCBuildConfiguration;
			baseConfigurationReference = F235EE282FEB3F78AEBA0636 /* Pods-FlicksTests.debug.xcconfig */;
			buildSettings = {
				ALWAYS_EMBED_SWIFT_STANDARD_LIBRARIES = YES;
				BUNDLE_LOADER = "$(TEST_HOST)";
				INFOPLIST_FILE = FlicksTests/Info.plist;
				LD_RUNPATH_SEARCH_PATHS = "$(inherited) @executable_path/Frameworks @loader_path/Frameworks";
				PRODUCT_BUNDLE_IDENTIFIER = com.keithsmyth.FlicksTests;
				PRODUCT_NAME = "$(TARGET_NAME)";
				SWIFT_VERSION = 3.0;
				TEST_HOST = "$(BUILT_PRODUCTS_DIR)/Flicks.app/Flicks";
			};
			name = Debug;
		};
		4B64043B1DB439560021FD28 /* Release */ = {
			isa = XCBuildConfiguration;
			baseConfigurationReference = 55FA1C92CDEF4292FF82D0C3 /* Pods-FlicksTests.release.xcconfig */;
			buildSettings = {
				ALWAYS_EMBED_SWIFT_STANDARD_LIBRARIES = YES;
				BUNDLE_LOADER = "$(TEST_HOST)";
				INFOPLIST_FILE = FlicksTests/Info.plist;
				LD_RUNPATH_SEARCH_PATHS = "$(inherited) @executable_path/Frameworks @loader_path/Frameworks";
				PRODUCT_BUNDLE_IDENTIFIER = com.keithsmyth.FlicksTests;
				PRODUCT_NAME = "$(TARGET_NAME)";
				SWIFT_VERSION = 3.0;
				TEST_HOST = "$(BUILT_PRODUCTS_DIR)/Flicks.app/Flicks";
			};
			name = Release;
		};
		4B64043D1DB439560021FD28 /* Debug */ = {
			isa = XCBuildConfiguration;
			baseConfigurationReference = 7031D0540A74614918790849 /* Pods-FlicksUITests.debug.xcconfig */;
			buildSettings = {
				ALWAYS_EMBED_SWIFT_STANDARD_LIBRARIES = YES;
				INFOPLIST_FILE = FlicksUITests/Info.plist;
				LD_RUNPATH_SEARCH_PATHS = "$(inherited) @executable_path/Frameworks @loader_path/Frameworks";
				PRODUCT_BUNDLE_IDENTIFIER = com.keithsmyth.FlicksUITests;
				PRODUCT_NAME = "$(TARGET_NAME)";
				SWIFT_VERSION = 3.0;
				TEST_TARGET_NAME = Flicks;
			};
			name = Debug;
		};
		4B64043E1DB439560021FD28 /* Release */ = {
			isa = XCBuildConfiguration;
			baseConfigurationReference = B4825E917684E9CBB2734409 /* Pods-FlicksUITests.release.xcconfig */;
			buildSettings = {
				ALWAYS_EMBED_SWIFT_STANDARD_LIBRARIES = YES;
				INFOPLIST_FILE = FlicksUITests/Info.plist;
				LD_RUNPATH_SEARCH_PATHS = "$(inherited) @executable_path/Frameworks @loader_path/Frameworks";
				PRODUCT_BUNDLE_IDENTIFIER = com.keithsmyth.FlicksUITests;
				PRODUCT_NAME = "$(TARGET_NAME)";
				SWIFT_VERSION = 3.0;
				TEST_TARGET_NAME = Flicks;
			};
			name = Release;
		};
/* End XCBuildConfiguration section */

/* Begin XCConfigurationList section */
		4B6404091DB439550021FD28 /* Build configuration list for PBXProject "Flicks" */ = {
			isa = XCConfigurationList;
			buildConfigurations = (
				4B6404341DB439560021FD28 /* Debug */,
				4B6404351DB439560021FD28 /* Release */,
			);
			defaultConfigurationIsVisible = 0;
			defaultConfigurationName = Release;
		};
		4B6404361DB439560021FD28 /* Build configuration list for PBXNativeTarget "Flicks" */ = {
			isa = XCConfigurationList;
			buildConfigurations = (
				4B6404371DB439560021FD28 /* Debug */,
				4B6404381DB439560021FD28 /* Release */,
			);
			defaultConfigurationIsVisible = 0;
			defaultConfigurationName = Release;
		};
		4B6404391DB439560021FD28 /* Build configuration list for PBXNativeTarget "FlicksTests" */ = {
			isa = XCConfigurationList;
			buildConfigurations = (
				4B64043A1DB439560021FD28 /* Debug */,
				4B64043B1DB439560021FD28 /* Release */,
			);
			defaultConfigurationIsVisible = 0;
			defaultConfigurationName = Release;
		};
		4B64043C1DB439560021FD28 /* Build configuration list for PBXNativeTarget "FlicksUITests" */ = {
			isa = XCConfigurationList;
			buildConfigurations = (
				4B64043D1DB439560021FD28 /* Debug */,
				4B64043E1DB439560021FD28 /* Release */,
			);
			defaultConfigurationIsVisible = 0;
			defaultConfigurationName = Release;
		};
/* End XCConfigurationList section */
	};
	rootObject = 4B6404061DB439550021FD28 /* Project object */;
}
